
Microsoft Visual Studio Solution File, Format Version 12.00
# Visual Studio Version 16
VisualStudioVersion = 25.0.1705.4
MinimumVisualStudioVersion = 10.0.40219.1
Project("{FAE04EC0-301F-11D3-BF4B-00C04F79EFBC}") = "video-compress", "video-compress\video-compress.csproj", "{ED124C0B-9C23-49B5-B795-AC4AC81E37F3}"
EndProject
Global
	GlobalSection(SolutionConfigurationPlatforms) = preSolution
		Debug|Any CPU = Debug|Any CPU
		Release|Any CPU = Release|Any CPU
	EndGlobalSection
	GlobalSection(ProjectConfigurationPlatforms) = postSolution
		{ED124C0B-9C23-49B5-B795-AC4AC81E37F3}.Debug|Any CPU.ActiveCfg = Debug|Any CPU
		{ED124C0B-9C23-49B5-B795-AC4AC81E37F3}.Debug|Any CPU.Build.0 = Debug|Any CPU
		{ED124C0B-9C23-49B5-B795-AC4AC81E37F3}.Release|Any CPU.ActiveCfg = Release|Any CPU
		{ED124C0B-9C23-49B5-B795-AC4AC81E37F3}.Release|Any CPU.Build.0 = Release|Any CPU
	EndGlobalSection
	GlobalSection(SolutionProperties) = preSolution
		HideSolutionNode = FALSE
	EndGlobalSection
	GlobalSection(ExtensibilityGlobals) = postSolution
		SolutionGuid = {60DF408D-0E9D-4833-8A1C-0741633AAF94}
	EndGlobalSection
EndGlobal
